
Microsoft Visual Studio Solution File, Format Version 12.00
# Visual Studio Version 16
VisualStudioVersion = 16.0.30804.86
MinimumVisualStudioVersion = 10.0.40219.1
Project("{9A19103F-16F7-4668-BE54-9A1E7A4F7556}") = "ChatConnector", "ChatConnector\ChatConnector.csproj", "{799FB644-0B11-4AFC-8863-1F93A4B89DAA}"
EndProject
Project("{9A19103F-16F7-4668-BE54-9A1E7A4F7556}") = "SessionServer", "SessionServer\SessionServer.csproj", "{3AD5A45B-4543-4CA1-A6B0-F0A76AC35323}"
EndProject
Project("{9A19103F-16F7-4668-BE54-9A1E7A4F7556}") = "ChatServer", "ChatServer\ChatServer.csproj", "{225642F4-A062-449D-B5FC-98FFDF539CEE}"
EndProject
Project("{9A19103F-16F7-4668-BE54-9A1E7A4F7556}") = "AuthServer", "AuthServer\AuthServer.csproj", "{8B4311D8-27B4-4E64-8285-0FC474F2A4AF}"
EndProject
Project("{9A19103F-16F7-4668-BE54-9A1E7A4F7556}") = "RoomServer", "RoomServer\RoomServer.csproj", "{B534F608-16A6-4A61-8C72-14B223F07F6F}"
EndProject
Project("{9A19103F-16F7-4668-BE54-9A1E7A4F7556}") = "Common", "Common\Common.csproj", "{A060F1E9-BC83-4672-8BD9-A7BE61C7EA1A}"
EndProject
Global
	GlobalSection(SolutionConfigurationPlatforms) = preSolution
		Debug|Any CPU = Debug|Any CPU
		Release|Any CPU = Release|Any CPU
	EndGlobalSection
	GlobalSection(ProjectConfigurationPlatforms) = postSolution
		{799FB644-0B11-4AFC-8863-1F93A4B89DAA}.Debug|Any CPU.ActiveCfg = Debug|Any CPU
		{799FB644-0B11-4AFC-8863-1F93A4B89DAA}.Debug|Any CPU.Build.0 = Debug|Any CPU
		{799FB644-0B11-4AFC-8863-1F93A4B89DAA}.Release|Any CPU.ActiveCfg = Release|Any CPU
		{799FB644-0B11-4AFC-8863-1F93A4B89DAA}.Release|Any CPU.Build.0 = Release|Any CPU
		{3AD5A45B-4543-4CA1-A6B0-F0A76AC35323}.Debug|Any CPU.ActiveCfg = Debug|Any CPU
		{3AD5A45B-4543-4CA1-A6B0-F0A76AC35323}.Debug|Any CPU.Build.0 = Debug|Any CPU
		{3AD5A45B-4543-4CA1-A6B0-F0A76AC35323}.Release|Any CPU.ActiveCfg = Release|Any CPU
		{3AD5A45B-4543-4CA1-A6B0-F0A76AC35323}.Release|Any CPU.Build.0 = Release|Any CPU
		{225642F4-A062-449D-B5FC-98FFDF539CEE}.Debug|Any CPU.ActiveCfg = Debug|Any CPU
		{225642F4-A062-449D-B5FC-98FFDF539CEE}.Debug|Any CPU.Build.0 = Debug|Any CPU
		{225642F4-A062-449D-B5FC-98FFDF539CEE}.Release|Any CPU.ActiveCfg = Release|Any CPU
		{225642F4-A062-449D-B5FC-98FFDF539CEE}.Release|Any CPU.Build.0 = Release|Any CPU
		{8B4311D8-27B4-4E64-8285-0FC474F2A4AF}.Debug|Any CPU.ActiveCfg = Debug|Any CPU
		{8B4311D8-27B4-4E64-8285-0FC474F2A4AF}.Debug|Any CPU.Build.0 = Debug|Any CPU
		{8B4311D8-27B4-4E64-8285-0FC474F2A4AF}.Release|Any CPU.ActiveCfg = Release|Any CPU
		{8B4311D8-27B4-4E64-8285-0FC474F2A4AF}.Release|Any CPU.Build.0 = Release|Any CPU
		{B534F608-16A6-4A61-8C72-14B223F07F6F}.Debug|Any CPU.ActiveCfg = Debug|Any CPU
		{B534F608-16A6-4A61-8C72-14B223F07F6F}.Debug|Any CPU.Build.0 = Debug|Any CPU
		{B534F608-16A6-4A61-8C72-14B223F07F6F}.Release|Any CPU.ActiveCfg = Release|Any CPU
		{B534F608-16A6-4A61-8C72-14B223F07F6F}.Release|Any CPU.Build.0 = Release|Any CPU
		{A060F1E9-BC83-4672-8BD9-A7BE61C7EA1A}.Debug|Any CPU.ActiveCfg = Debug|Any CPU
		{A060F1E9-BC83-4672-8BD9-A7BE61C7EA1A}.Debug|Any CPU.Build.0 = Debug|Any CPU
		{A060F1E9-BC83-4672-8BD9-A7BE61C7EA1A}.Release|Any CPU.ActiveCfg = Release|Any CPU
		{A060F1E9-BC83-4672-8BD9-A7BE61C7EA1A}.Release|Any CPU.Build.0 = Release|Any CPU
	EndGlobalSection
	GlobalSection(SolutionProperties) = preSolution
		HideSolutionNode = FALSE
	EndGlobalSection
	GlobalSection(ExtensibilityGlobals) = postSolution
		SolutionGuid = {CC263858-06E9-4F91-968A-232F7E1064E0}
	EndGlobalSection
EndGlobal
