<Solution>
  <Project Path="ChatSystem.AppHost/ChatSystem.AppHost.csproj" />
  <Project Path="ChatSystem.ServiceDefaults/ChatSystem.ServiceDefaults.csproj" />
  <Project Path="CommandRouter.Tests/CommandRouter.Tests.csproj" />
  <Project Path="CommandRouter/CommandRouter.csproj" />
  <Project Path="Common.Tests/Common.Tests.csproj" />
  <Project Path="Common/Common.csproj" />
  <Project Path="Dispatcher.Tests/Dispatcher.Tests.csproj" />
  <Project Path="E2E.Tests/E2E.Tests.csproj" />
  <Project Path="Dispatcher/Dispatcher.csproj" />
  <Project Path="Gateway.Tests/Gateway.Tests.csproj" />
  <Project Path="Gateway/Gateway.csproj" />
  <Project Path="Integration.Tests/Integration.Tests.csproj" />
  <Project Path="WebBff.Tests/WebBff.Tests.csproj" />
  <Project Path="WebBff/WebBff.csproj" />
</Solution>
